
Microsoft Visual Studio Solution File, Format Version 12.00
# Visual Studio Version 16
VisualStudioVersion = 16.0.30804.86
MinimumVisualStudioVersion = 10.0.40219.1
Project("{FAE04EC0-301F-11D3-BF4B-00C04F79EFBC}") = "ConsoleUI", "UI\ConsoleUI.csproj", "{2A32F127-F22F-4394-8C87-C8F2917C39AF}"
EndProject
Global
	GlobalSection(SolutionConfigurationPlatforms) = preSolution
		Debug|Any CPU = Debug|Any CPU
		Release|Any CPU = Release|Any CPU
	EndGlobalSection
	GlobalSection(ProjectConfigurationPlatforms) = postSolution
		{2A32F127-F22F-4394-8C87-C8F2917C39AF}.Debug|Any CPU.ActiveCfg = Debug|Any CPU
		{2A32F127-F22F-4394-8C87-C8F2917C39AF}.Debug|Any CPU.Build.0 = Debug|Any CPU
		{2A32F127-F22F-4394-8C87-C8F2917C39AF}.Release|Any CPU.ActiveCfg = Release|Any CPU
		{2A32F127-F22F-4394-8C87-C8F2917C39AF}.Release|Any CPU.Build.0 = Release|Any CPU
	EndGlobalSection
	GlobalSection(SolutionProperties) = preSolution
		HideSolutionNode = FALSE
	EndGlobalSection
	GlobalSection(ExtensibilityGlobals) = postSolution
		SolutionGuid = {7E36CCA9-FE20-47E7-BDF2-DC11044D9F3D}
	EndGlobalSection
EndGlobal
